
Microsoft Visual Studio Solution File, Format Version 12.00
# Visual Studio 15
VisualStudioVersion = 15.0.26730.12
MinimumVisualStudioVersion = 10.0.40219.1
Project("{FAE04EC0-301F-11D3-BF4B-00C04F79EFBC}") = "LinqPractice", "LinqPractice\LinqPractice.csproj", "{DA17018F-6BED-4DD6-BB25-B59D15105726}"
EndProject
Global
	GlobalSection(SolutionConfigurationPlatforms) = preSolution
		Debug|Any CPU = Debug|Any CPU
		Release|Any CPU = Release|Any CPU
	EndGlobalSection
	GlobalSection(ProjectConfigurationPlatforms) = postSolution
		{DA17018F-6BED-4DD6-BB25-B59D15105726}.Debug|Any CPU.ActiveCfg = Debug|Any CPU
		{DA17018F-6BED-4DD6-BB25-B59D15105726}.Debug|Any CPU.Build.0 = Debug|Any CPU
		{DA17018F-6BED-4DD6-BB25-B59D15105726}.Release|Any CPU.ActiveCfg = Release|Any CPU
		{DA17018F-6BED-4DD6-BB25-B59D15105726}.Release|Any CPU.Build.0 = Release|Any CPU
	EndGlobalSection
	GlobalSection(SolutionProperties) = preSolution
		HideSolutionNode = FALSE
	EndGlobalSection
	GlobalSection(ExtensibilityGlobals) = postSolution
		SolutionGuid = {FA43B738-9C3F-498B-B24C-FA502B09E89C}
	EndGlobalSection
EndGlobal
